
Microsoft Visual Studio Solution File, Format Version 12.00
# Visual Studio 14
VisualStudioVersion = 14.0.25420.1
MinimumVisualStudioVersion = 10.0.40219.1
Project("{FAE04EC0-301F-11D3-BF4B-00C04F79EFBC}") = "MyBlog.Dapper", "MyBlog.Dapper\MyBlog.Dapper.csproj", "{359637EF-2C33-44E0-A996-BF2330254E8D}"
EndProject
Project("{2150E333-8FDC-42A3-9474-1A3956D46DE8}") = "Service", "Service", "{FB109313-C491-4F1D-A5EA-166FC87A6EA0}"
EndProject
Project("{2150E333-8FDC-42A3-9474-1A3956D46DE8}") = "Access", "Access", "{5FEFCFEF-A128-4F63-B284-6307C22BA7AA}"
EndProject
Project("{FAE04EC0-301F-11D3-BF4B-00C04F79EFBC}") = "MyBlog.Service", "MyBlog.Service\MyBlog.Service.csproj", "{282314F9-06F4-4EBF-B96A-2A48E4E70D29}"
EndProject
Project("{FAE04EC0-301F-11D3-BF4B-00C04F79EFBC}") = "MyBlog.Web", "MyBlog.Web\MyBlog.Web.csproj", "{95AA648E-ABC7-4221-A9F8-77FBC57A52EE}"
EndProject
Project("{FAE04EC0-301F-11D3-BF4B-00C04F79EFBC}") = "MyBlog.EntityFramework", "MyBlog.EntityFramework\MyBlog.EntityFramework.csproj", "{4BCF418B-011E-4342-8878-8D0D8B07966F}"
EndProject
Project("{FAE04EC0-301F-11D3-BF4B-00C04F79EFBC}") = "MyBlog.Model", "MyBlog.Model\MyBlog.Model.csproj", "{F3C1A02D-8569-41DF-B5F9-0E165022678A}"
EndProject
Global
	GlobalSection(SolutionConfigurationPlatforms) = preSolution
		Debug|Any CPU = Debug|Any CPU
		Release|Any CPU = Release|Any CPU
	EndGlobalSection
	GlobalSection(ProjectConfigurationPlatforms) = postSolution
		{359637EF-2C33-44E0-A996-BF2330254E8D}.Debug|Any CPU.ActiveCfg = Debug|Any CPU
		{359637EF-2C33-44E0-A996-BF2330254E8D}.Debug|Any CPU.Build.0 = Debug|Any CPU
		{359637EF-2C33-44E0-A996-BF2330254E8D}.Release|Any CPU.ActiveCfg = Release|Any CPU
		{359637EF-2C33-44E0-A996-BF2330254E8D}.Release|Any CPU.Build.0 = Release|Any CPU
		{282314F9-06F4-4EBF-B96A-2A48E4E70D29}.Debug|Any CPU.ActiveCfg = Debug|Any CPU
		{282314F9-06F4-4EBF-B96A-2A48E4E70D29}.Debug|Any CPU.Build.0 = Debug|Any CPU
		{282314F9-06F4-4EBF-B96A-2A48E4E70D29}.Release|Any CPU.ActiveCfg = Release|Any CPU
		{282314F9-06F4-4EBF-B96A-2A48E4E70D29}.Release|Any CPU.Build.0 = Release|Any CPU
		{95AA648E-ABC7-4221-A9F8-77FBC57A52EE}.Debug|Any CPU.ActiveCfg = Debug|Any CPU
		{95AA648E-ABC7-4221-A9F8-77FBC57A52EE}.Debug|Any CPU.Build.0 = Debug|Any CPU
		{95AA648E-ABC7-4221-A9F8-77FBC57A52EE}.Release|Any CPU.ActiveCfg = Release|Any CPU
		{95AA648E-ABC7-4221-A9F8-77FBC57A52EE}.Release|Any CPU.Build.0 = Release|Any CPU
		{4BCF418B-011E-4342-8878-8D0D8B07966F}.Debug|Any CPU.ActiveCfg = Debug|Any CPU
		{4BCF418B-011E-4342-8878-8D0D8B07966F}.Debug|Any CPU.Build.0 = Debug|Any CPU
		{4BCF418B-011E-4342-8878-8D0D8B07966F}.Release|Any CPU.ActiveCfg = Release|Any CPU
		{4BCF418B-011E-4342-8878-8D0D8B07966F}.Release|Any CPU.Build.0 = Release|Any CPU
		{F3C1A02D-8569-41DF-B5F9-0E165022678A}.Debug|Any CPU.ActiveCfg = Debug|Any CPU
		{F3C1A02D-8569-41DF-B5F9-0E165022678A}.Debug|Any CPU.Build.0 = Debug|Any CPU
		{F3C1A02D-8569-41DF-B5F9-0E165022678A}.Release|Any CPU.ActiveCfg = Release|Any CPU
		{F3C1A02D-8569-41DF-B5F9-0E165022678A}.Release|Any CPU.Build.0 = Release|Any CPU
	EndGlobalSection
	GlobalSection(SolutionProperties) = preSolution
		HideSolutionNode = FALSE
	EndGlobalSection
	GlobalSection(NestedProjects) = preSolution
		{359637EF-2C33-44E0-A996-BF2330254E8D} = {5FEFCFEF-A128-4F63-B284-6307C22BA7AA}
		{282314F9-06F4-4EBF-B96A-2A48E4E70D29} = {FB109313-C491-4F1D-A5EA-166FC87A6EA0}
		{4BCF418B-011E-4342-8878-8D0D8B07966F} = {5FEFCFEF-A128-4F63-B284-6307C22BA7AA}
		{F3C1A02D-8569-41DF-B5F9-0E165022678A} = {5FEFCFEF-A128-4F63-B284-6307C22BA7AA}
	EndGlobalSection
EndGlobal
